{
  "name": "nn-designer",
  "displayName": "Neural Network Designer",
  "version": "0.0.1",
  "engines": {
    "vscode": "^1.80.0"
  },
  "activationEvents": ["onCommand:nnDesigner.open"],
  "main": "./extension.js",
  "contributes": {
    "commands": [
      {
        "command": "nnDesigner.open",
        "title": "Open Neural Network Designer"
      }
    ]
  }
}